
Microsoft Visual Studio Solution File, Format Version 12.00
# Visual Studio Version 17
VisualStudioVersion = 17.14.36705.20 d17.14
MinimumVisualStudioVersion = 10.0.40219.1
Project("{FAE04EC0-301F-11D3-BF4B-00C04F79EFBC}") = "FakingDataDatabaseSeed", "FakingDataDatabaseSeed\FakingDataDatabaseSeed.csproj", "{635CDAF3-32B3-41AF-91C2-47ECC6C0F7F0}"
EndProject
Global
	GlobalSection(SolutionConfigurationPlatforms) = preSolution
		Debug|Any CPU = Debug|Any CPU
		Release|Any CPU = Release|Any CPU
	EndGlobalSection
	GlobalSection(ProjectConfigurationPlatforms) = postSolution
		{635CDAF3-32B3-41AF-91C2-47ECC6C0F7F0}.Debug|Any CPU.ActiveCfg = Debug|Any CPU
		{635CDAF3-32B3-41AF-91C2-47ECC6C0F7F0}.Debug|Any CPU.Build.0 = Debug|Any CPU
		{635CDAF3-32B3-41AF-91C2-47ECC6C0F7F0}.Release|Any CPU.ActiveCfg = Release|Any CPU
		{635CDAF3-32B3-41AF-91C2-47ECC6C0F7F0}.Release|Any CPU.Build.0 = Release|Any CPU
	EndGlobalSection
	GlobalSection(SolutionProperties) = preSolution
		HideSolutionNode = FALSE
	EndGlobalSection
	GlobalSection(ExtensibilityGlobals) = postSolution
		SolutionGuid = {4C473792-061E-4D21-8B07-E1EDAAE1BA03}
	EndGlobalSection
EndGlobal
